// !$*UTF8*$!
{
	archiveVersion = 1;
	classes = {
	};
	objectVersion = 50;
	objects = {

/* Begin PBXBuildFile section */
		736287712899CE9800CF3F6C /* AppDelegate.swift in Sources */ = {isa = PBXBuildFile; fileRef = 736287702899CE9800CF3F6C /* AppDelegate.swift */; };
		736287732899CE9800CF3F6C /* SceneDelegate.swift in Sources */ = {isa = PBXBuildFile; fileRef = 736287722899CE9800CF3F6C /* SceneDelegate.swift */; };
		736287752899CE9800CF3F6C /* ViewController.swift in Sources */ = {isa = PBXBuildFile; fileRef = 736287742899CE9800CF3F6C /* ViewController.swift */; };
		736287782899CE9900CF3F6C /* Main.storyboard in Resources */ = {isa = PBXBuildFile; fileRef = 736287762899CE9900CF3F6C /* Main.storyboard */; };
		7362877A2899CEA100CF3F6C /* Assets.xcassets in Resources */ = {isa = PBXBuildFile; fileRef = 736287792899CEA100CF3F6C /* Assets.xcassets */; };
		7362877D2899CEA100CF3F6C /* LaunchScreen.storyboard in Resources */ = {isa = PBXBuildFile; fileRef = 7362877B2899CEA100CF3F6C /* LaunchScreen.storyboard */; };
		736287882899CEA200CF3F6C /* githubtestTests.swift in Sources */ = {isa = PBXBuildFile; fileRef = 736287872899CEA200CF3F6C /* githubtestTests.swift */; };
		736287932899CEA200CF3F6C /* githubtestUITests.swift in Sources */ = {isa = PBXBuildFile; fileRef = 736287922899CEA200CF3F6C /* githubtestUITests.swift */; };
/* End PBXBuildFile section */

/* Begin PBXContainerItemProxy section */
		736287842899CEA200CF3F6C /* PBXContainerItemProxy */ = {
			isa = PBXContainerItemProxy;
			containerPortal = 736287652899CE9800CF3F6C /* Project object */;
			proxyType = 1;
			remoteGlobalIDString = 7362876C2899CE9800CF3F6C;
			remoteInfo = githubtest;
		};
		7362878F2899CEA200CF3F6C /* PBXContainerItemProxy */ = {
			isa = PBXContainerItemProxy;
			containerPortal = 736287652899CE9800CF3F6C /* Project object */;
			proxyType = 1;
			remoteGlobalIDString = 7362876C2899CE9800CF3F6C;
			remoteInfo = githubtest;
		};
/* End PBXContainerItemProxy section */

/* Begin PBXFileReference section */
		7362876D2899CE9800CF3F6C /* githubtest.app */ = {isa = PBXFileReference; explicitFileType = wrapper.application; includeInIndex = 0; path = githubtest.app; sourceTree = BUILT_PRODUCTS_DIR; };
		736287702899CE9800CF3F6C /* AppDelegate.swift */ = {isa = PBXFileReference; lastKnownFileType = sourcecode.swift; path = AppDelegate.swift; sourceTree = "<group>"; };
		736287722899CE9800CF3F6C /* SceneDelegate.swift */ = {isa = PBXFileReference; lastKnownFileType = sourcecode.swift; path = SceneDelegate.swift; sourceTree = "<group>"; };
		736287742899CE9800CF3F6C /* ViewController.swift */ = {isa = PBXFileReference; lastKnownFileType = sourcecode.swift; path = ViewController.swift; sourceTree = "<group>"; };
		736287772899CE9900CF3F6C /* Base */ = {isa = PBXFileReference; lastKnownFileType = file.storyboard; name = Base; path = Base.lproj/Main.storyboard; sourceTree = "<group>"; };
		736287792899CEA100CF3F6C /* Assets.xcassets */ = {isa = PBXFileReference; lastKnownFileType = folder.assetcatalog; path = Assets.xcassets; sourceTree = "<group>"; };
		7362877C2899CEA100CF3F6C /* Base */ = {isa = PBXFileReference; lastKnownFileType = file.storyboard; name = Base; path = Base.lproj/LaunchScreen.storyboard; sourceTree = "<group>"; };
		7362877E2899CEA100CF3F6C /* Info.plist */ = {isa = PBXFileReference; lastKnownFileType = text.plist.xml; path = Info.plist; sourceTree = "<group>"; };
		736287832899CEA200CF3F6C /* githubtestTests.xctest */ = {isa = PBXFileReference; explicitFileType = wrapper.cfbundle; includeInIndex = 0; path = githubtestTests.xctest; sourceTree = BUILT_PRODUCTS_DIR; };
		736287872899CEA200CF3F6C /* githubtestTests.swift */ = {isa = PBXFileReference; lastKnownFileType = sourcecode.swift; path = githubtestTests.swift; sourceTree = "<group>"; };
		736287892899CEA200CF3F6C /* Info.plist */ = {isa = PBXFileReference; lastKnownFileType = text.plist.xml; path = Info.plist; sourceTree = "<group>"; };
		7362878E2899CEA200CF3F6C /* githubtestUITests.xctest */ = {isa = PBXFileReference; explicitFileType = wrapper.cfbundle; includeInIndex = 0; path = githubtestUITests.xctest; sourceTree = BUILT_PRODUCTS_DIR; };
		736287922899CEA200CF3F6C /* githubtestUITests.swift */ = {isa = PBXFileReference; lastKnownFileType = sourcecode.swift; path = githubtestUITests.swift; sourceTree = "<group>"; };
		736287942899CEA200CF3F6C /* Info.plist */ = {isa = PBXFileReference; lastKnownFileType = text.plist.xml; path = Info.plist; sourceTree = "<group>"; };
/* End PBXFileReference section */

/* Begin PBXFrameworksBuildPhase section */
		7362876A2899CE9800CF3F6C /* Frameworks */ = {
			isa = PBXFrameworksBuildPhase;
			buildActionMask = 2147483647;
			files = (
			);
			runOnlyForDeploymentPostprocessing = 0;
		};
		736287802899CEA200CF3F6C /* Frameworks */ = {
			isa = PBXFrameworksBuildPhase;
			buildActionMask = 2147483647;
			files = (
			);
			runOnlyForDeploymentPostprocessing = 0;
		};
		7362878B2899CEA200CF3F6C /* Frameworks */ = {
			isa = PBXFrameworksBuildPhase;
			buildActionMask = 2147483647;
			files = (
			);
			runOnlyForDeploymentPostprocessing = 0;
		};
/* End PBXFrameworksBuildPhase section */

/* Begin PBXGroup section */
		736287642899CE9800CF3F6C = {
			isa = PBXGroup;
			children = (
				7362876F2899CE9800CF3F6C /* githubtest */,
				736287862899CEA200CF3F6C /* githubtestTests */,
				736287912899CEA200CF3F6C /* githubtestUITests */,
				7362876E2899CE9800CF3F6C /* Products */,
			);
			sourceTree = "<group>";
		};
		7362876E2899CE9800CF3F6C /* Products */ = {
			isa = PBXGroup;
			children = (
				7362876D2899CE9800CF3F6C /* githubtest.app */,
				736287832899CEA200CF3F6C /* githubtestTests.xctest */,
				7362878E2899CEA200CF3F6C /* githubtestUITests.xctest */,
			);
			name = Products;
			sourceTree = "<group>";
		};
		7362876F2899CE9800CF3F6C /* githubtest */ = {
			isa = PBXGroup;
			children = (
				736287702899CE9800CF3F6C /* AppDelegate.swift */,
				736287722899CE9800CF3F6C /* SceneDelegate.swift */,
				736287742899CE9800CF3F6C /* ViewController.swift */,
				736287762899CE9900CF3F6C /* Main.storyboard */,
				736287792899CEA100CF3F6C /* Assets.xcassets */,
				7362877B2899CEA100CF3F6C /* LaunchScreen.storyboard */,
				7362877E2899CEA100CF3F6C /* Info.plist */,
			);
			path = githubtest;
			sourceTree = "<group>";
		};
		736287862899CEA200CF3F6C /* githubtestTests */ = {
			isa = PBXGroup;
			children = (
				736287872899CEA200CF3F6C /* githubtestTests.swift */,
				736287892899CEA200CF3F6C /* Info.plist */,
			);
			path = githubtestTests;
			sourceTree = "<group>";
		};
		736287912899CEA200CF3F6C /* githubtestUITests */ = {
			isa = PBXGroup;
			children = (
				736287922899CEA200CF3F6C /* githubtestUITests.swift */,
				736287942899CEA200CF3F6C /* Info.plist */,
			);
			path = githubtestUITests;
			sourceTree = "<group>";
		};
/* End PBXGroup section */

/* Begin PBXNativeTarget section */
		7362876C2899CE9800CF3F6C /* githubtest */ = {
			isa = PBXNativeTarget;
			buildConfigurationList = 736287972899CEA200CF3F6C /* Build configuration list for PBXNativeTarget "githubtest" */;
			buildPhases = (
				736287692899CE9800CF3F6C /* Sources */,
				7362876A2899CE9800CF3F6C /* Frameworks */,
				7362876B2899CE9800CF3F6C /* Resources */,
			);
			buildRules = (
			);
			dependencies = (
			);
			name = githubtest;
			productName = githubtest;
			productReference = 7362876D2899CE9800CF3F6C /* githubtest.app */;
			productType = "com.apple.product-type.application";
		};
		736287822899CEA200CF3F6C /* githubtestTests */ = {
			isa = PBXNativeTarget;
			buildConfigurationList = 7362879A2899CEA200CF3F6C /* Build configuration list for PBXNativeTarget "githubtestTests" */;
			buildPhases = (
				7362877F2899CEA200CF3F6C /* Sources */,
				736287802899CEA200CF3F6C /* Frameworks */,
				736287812899CEA200CF3F6C /* Resources */,
			);
			buildRules = (
			);
			dependencies = (
				736287852899CEA200CF3F6C /* PBXTargetDependency */,
			);
			name = githubtestTests;
			productName = githubtestTests;
			productReference = 736287832899CEA200CF3F6C /* githubtestTests.xctest */;
			productType = "com.apple.product-type.bundle.unit-test";
		};
		7362878D2899CEA200CF3F6C /* githubtestUITests */ = {
			isa = PBXNativeTarget;
			buildConfigurationList = 7362879D2899CEA200CF3F6C /* Build configuration list for PBXNativeTarget "githubtestUITests" */;
			buildPhases = (
				7362878A2899CEA200CF3F6C /* Sources */,
				7362878B2899CEA200CF3F6C /* Frameworks */,
				7362878C2899CEA200CF3F6C /* Resources */,
			);
			buildRules = (
			);
			dependencies = (
				736287902899CEA200CF3F6C /* PBXTargetDependency */,
			);
			name = githubtestUITests;
			productName = githubtestUITests;
			productReference = 7362878E2899CEA200CF3F6C /* githubtestUITests.xctest */;
			productType = "com.apple.product-type.bundle.ui-testing";
		};
/* End PBXNativeTarget section */

/* Begin PBXProject section */
		736287652899CE9800CF3F6C /* Project object */ = {
			isa = PBXProject;
			attributes = {
				LastSwiftUpdateCheck = 1250;
				LastUpgradeCheck = 1250;
				TargetAttributes = {
					7362876C2899CE9800CF3F6C = {
						CreatedOnToolsVersion = 12.5;
					};
					736287822899CEA200CF3F6C = {
						CreatedOnToolsVersion = 12.5;
						TestTargetID = 7362876C2899CE9800CF3F6C;
					};
					7362878D2899CEA200CF3F6C = {
						CreatedOnToolsVersion = 12.5;
						TestTargetID = 7362876C2899CE9800CF3F6C;
					};
				};
			};
			buildConfigurationList = 736287682899CE9800CF3F6C /* Build configuration list for PBXProject "githubtest" */;
			compatibilityVersion = "Xcode 9.3";
			developmentRegion = en;
			hasScannedForEncodings = 0;
			knownRegions = (
				en,
				Base,
			);
			mainGroup = 736287642899CE9800CF3F6C;
			productRefGroup = 7362876E2899CE9800CF3F6C /* Products */;
			projectDirPath = "";
			projectRoot = "";
			targets = (
				7362876C2899CE9800CF3F6C /* githubtest */,
				736287822899CEA200CF3F6C /* githubtestTests */,
				7362878D2899CEA200CF3F6C /* githubtestUITests */,
			);
		};
/* End PBXProject section */

/* Begin PBXResourcesBuildPhase section */
		7362876B2899CE9800CF3F6C /* Resources */ = {
			isa = PBXResourcesBuildPhase;
			buildActionMask = 2147483647;
			files = (
				7362877D2899CEA100CF3F6C /* LaunchScreen.storyboard in Resources */,
				7362877A2899CEA100CF3F6C /* Assets.xcassets in Resources */,
				736287782899CE9900CF3F6C /* Main.storyboard in Resources */,
			);
			runOnlyForDeploymentPostprocessing = 0;
		};
		736287812899CEA200CF3F6C /* Resources */ = {
			isa = PBXResourcesBuildPhase;
			buildActionMask = 2147483647;
			files = (
			);
			runOnlyForDeploymentPostprocessing = 0;
		};
		7362878C2899CEA200CF3F6C /* Resources */ = {
			isa = PBXResourcesBuildPhase;
			buildActionMask = 2147483647;
			files = (
			);
			runOnlyForDeploymentPostprocessing = 0;
		};
/* End PBXResourcesBuildPhase section */

/* Begin PBXSourcesBuildPhase section */
		736287692899CE9800CF3F6C /* Sources */ = {
			isa = PBXSourcesBuildPhase;
			buildActionMask = 2147483647;
			files = (
				736287752899CE9800CF3F6C /* ViewController.swift in Sources */,
				736287712899CE9800CF3F6C /* AppDelegate.swift in Sources */,
				736287732899CE9800CF3F6C /* SceneDelegate.swift in Sources */,
			);
			runOnlyForDeploymentPostprocessing = 0;
		};
		7362877F2899CEA200CF3F6C /* Sources */ = {
			isa = PBXSourcesBuildPhase;
			buildActionMask = 2147483647;
			files = (
				736287882899CEA200CF3F6C /* githubtestTests.swift in Sources */,
			);
			runOnlyForDeploymentPostprocessing = 0;
		};
		7362878A2899CEA200CF3F6C /* Sources */ = {
			isa = PBXSourcesBuildPhase;
			buildActionMask = 2147483647;
			files = (
				736287932899CEA200CF3F6C /* githubtestUITests.swift in Sources */,
			);
			runOnlyForDeploymentPostprocessing = 0;
		};
/* End PBXSourcesBuildPhase section */

/* Begin PBXTargetDependency section */
		736287852899CEA200CF3F6C /* PBXTargetDependency */ = {
			isa = PBXTargetDependency;
			target = 7362876C2899CE9800CF3F6C /* githubtest */;
			targetProxy = 736287842899CEA200CF3F6C /* PBXContainerItemProxy */;
		};
		736287902899CEA200CF3F6C /* PBXTargetDependency */ = {
			isa = PBXTargetDependency;
			target = 7362876C2899CE9800CF3F6C /* githubtest */;
			targetProxy = 7362878F2899CEA200CF3F6C /* PBXContainerItemProxy */;
		};
/* End PBXTargetDependency section */

/* Begin PBXVariantGroup section */
		736287762899CE9900CF3F6C /* Main.storyboard */ = {
			isa = PBXVariantGroup;
			children = (
				736287772899CE9900CF3F6C /* Base */,
			);
			name = Main.storyboard;
			sourceTree = "<group>";
		};
		7362877B2899CEA100CF3F6C /* LaunchScreen.storyboard */ = {
			isa = PBXVariantGroup;
			children = (
				7362877C2899CEA100CF3F6C /* Base */,
			);
			name = LaunchScreen.storyboard;
			sourceTree = "<group>";
		};
/* End PBXVariantGroup section */

/* Begin XCBuildConfiguration section */
		736287952899CEA200CF3F6C /* Debug */ = {
			isa = XCBuildConfiguration;
			buildSettings = {
				ALWAYS_SEARCH_USER_PATHS = NO;
				CLANG_ANALYZER_NONNULL = YES;
				CLANG_ANALYZER_NUMBER_OBJECT_CONVERSION = YES_AGGRESSIVE;
				CLANG_CXX_LANGUAGE_STANDARD = "gnu++14";
				CLANG_CXX_LIBRARY = "libc++";
				CLANG_ENABLE_MODULES = YES;
				CLANG_ENABLE_OBJC_ARC = YES;
				CLANG_ENABLE_OBJC_WEAK = YES;
				CLANG_WARN_BLOCK_CAPTURE_AUTORELEASING = YES;
				CLANG_WARN_BOOL_CONVERSION = YES;
				CLANG_WARN_COMMA = YES;
				CLANG_WARN_CONSTANT_CONVERSION = YES;
				CLANG_WARN_DEPRECATED_OBJC_IMPLEMENTATIONS = YES;
				CLANG_WARN_DIRECT_OBJC_ISA_USAGE = YES_ERROR;
				CLANG_WARN_DOCUMENTATION_COMMENTS = YES;
				CLANG_WARN_EMPTY_BODY = YES;
				CLANG_WARN_ENUM_CONVERSION = YES;
				CLANG_WARN_INFINITE_RECURSION = YES;
				CLANG_WARN_INT_CONVERSION = YES;
				CLANG_WARN_NON_LITERAL_NULL_CONVERSION = YES;
				CLANG_WARN_OBJC_IMPLICIT_RETAIN_SELF = YES;
				CLANG_WARN_OBJC_LITERAL_CONVERSION = YES;
				CLANG_WARN_OBJC_ROOT_CLASS = YES_ERROR;
				CLANG_WARN_QUOTED_INCLUDE_IN_FRAMEWORK_HEADER = YES;
				CLANG_WARN_RANGE_LOOP_ANALYSIS = YES;
				CLANG_WARN_STRICT_PROTOTYPES = YES;
				CLANG_WARN_SUSPICIOUS_MOVE = YES;
				CLANG_WARN_UNGUARDED_AVAILABILITY = YES_AGGRESSIVE;
				CLANG_WARN_UNREACHABLE_CODE = YES;
				CLANG_WARN__DUPLICATE_METHOD_MATCH = YES;
				COPY_PHASE_STRIP = NO;
				DEBUG_INFORMATION_FORMAT = dwarf;
				ENABLE_STRICT_OBJC_MSGSEND = YES;
				ENABLE_TESTABILITY = YES;
				GCC_C_LANGUAGE_STANDARD = gnu11;
				GCC_DYNAMIC_NO_PIC = NO;
				GCC_NO_COMMON_BLOCKS = YES;
				GCC_OPTIMIZATION_LEVEL = 0;
				GCC_PREPROCESSOR_DEFINITIONS = (
					"DEBUG=1",
					"$(inherited)",
				);
				GCC_WARN_64_TO_32_BIT_CONVERSION = YES;
				GCC_WARN_ABOUT_RETURN_TYPE = YES_ERROR;
				GCC_WARN_UNDECLARED_SELECTOR = YES;
				GCC_WARN_UNINITIALIZED_AUTOS = YES_AGGRESSIVE;
				GCC_WARN_UNUSED_FUNCTION = YES;
				GCC_WARN_UNUSED_VARIABLE = YES;
				IPHONEOS_DEPLOYMENT_TARGET = 14.5;
				MTL_ENABLE_DEBUG_INFO = INCLUDE_SOURCE;
				MTL_FAST_MATH = YES;
				ONLY_ACTIVE_ARCH = YES;
				SDKROOT = iphoneos;
				SWIFT_ACTIVE_COMPILATION_CONDITIONS = DEBUG;
				SWIFT_OPTIMIZATION_LEVEL = "-Onone";
			};
			name = Debug;
		};
		736287962899CEA200CF3F6C /* Release */ = {
			isa = XCBuildConfiguration;
			buildSettings = {
				ALWAYS_SEARCH_USER_PATHS = NO;
				CLANG_ANALYZER_NONNULL = YES;
				CLANG_ANALYZER_NUMBER_OBJECT_CONVERSION = YES_AGGRESSIVE;
				CLANG_CXX_LANGUAGE_STANDARD = "gnu++14";
				CLANG_CXX_LIBRARY = "libc++";
				CLANG_ENABLE_MODULES = YES;
				CLANG_ENABLE_OBJC_ARC = YES;
				CLANG_ENABLE_OBJC_WEAK = YES;
				CLANG_WARN_BLOCK_CAPTURE_AUTORELEASING = YES;
				CLANG_WARN_BOOL_CONVERSION = YES;
				CLANG_WARN_COMMA = YES;
				CLANG_WARN_CONSTANT_CONVERSION = YES;
				CLANG_WARN_DEPRECATED_OBJC_IMPLEMENTATIONS = YES;
				CLANG_WARN_DIRECT_OBJC_ISA_USAGE = YES_ERROR;
				CLANG_WARN_DOCUMENTATION_COMMENTS = YES;
				CLANG_WARN_EMPTY_BODY = YES;
				CLANG_WARN_ENUM_CONVERSION = YES;
				CLANG_WARN_INFINITE_RECURSION = YES;
				CLANG_WARN_INT_CONVERSION = YES;
				CLANG_WARN_NON_LITERAL_NULL_CONVERSION = YES;
				CLANG_WARN_OBJC_IMPLICIT_RETAIN_SELF = YES;
				CLANG_WARN_OBJC_LITERAL_CONVERSION = YES;
				CLANG_WARN_OBJC_ROOT_CLASS = YES_ERROR;
				CLANG_WARN_QUOTED_INCLUDE_IN_FRAMEWORK_HEADER = YES;
				CLANG_WARN_RANGE_LOOP_ANALYSIS = YES;
				CLANG_WARN_STRICT_PROTOTYPES = YES;
				CLANG_WARN_SUSPICIOUS_MOVE = YES;
				CLANG_WARN_UNGUARDED_AVAILABILITY = YES_AGGRESSIVE;
				CLANG_WARN_UNREACHABLE_CODE = YES;
				CLANG_WARN__DUPLICATE_METHOD_MATCH = YES;
				COPY_PHASE_STRIP = NO;
				DEBUG_INFORMATION_FORMAT = "dwarf-with-dsym";
				ENABLE_NS_ASSERTIONS = NO;
				ENABLE_STRICT_OBJC_MSGSEND = YES;
				GCC_C_LANGUAGE_STANDARD = gnu11;
				GCC_NO_COMMON_BLOCKS = YES;
				GCC_WARN_64_TO_32_BIT_CONVERSION = YES;
				GCC_WARN_ABOUT_RETURN_TYPE = YES_ERROR;
				GCC_WARN_UNDECLARED_SELECTOR = YES;
				GCC_WARN_UNINITIALIZED_AUTOS = YES_AGGRESSIVE;
				GCC_WARN_UNUSED_FUNCTION = YES;
				GCC_WARN_UNUSED_VARIABLE = YES;
				IPHONEOS_DEPLOYMENT_TARGET = 14.5;
				MTL_ENABLE_DEBUG_INFO = NO;
				MTL_FAST_MATH = YES;
				SDKROOT = iphoneos;
				SWIFT_COMPILATION_MODE = wholemodule;
				SWIFT_OPTIMIZATION_LEVEL = "-O";
				VALIDATE_PRODUCT = YES;
			};
			name = Release;
		};
		736287982899CEA200CF3F6C /* Debug */ = {
			isa = XCBuildConfiguration;
			buildSettings = {
				ASSETCATALOG_COMPILER_APPICON_NAME = AppIcon;
				ASSETCATALOG_COMPILER_GLOBAL_ACCENT_COLOR_NAME = AccentColor;
				CODE_SIGN_STYLE = Automatic;
				INFOPLIST_FILE = githubtest/Info.plist;
				LD_RUNPATH_SEARCH_PATHS = (
					"$(inherited)",
					"@executable_path/Frameworks",
				);
				PRODUCT_BUNDLE_IDENTIFIER = zaghloul.githubtest;
				PRODUCT_NAME = "$(TARGET_NAME)";
				SWIFT_VERSION = 5.0;
				TARGETED_DEVICE_FAMILY = "1,2";
			};
			name = Debug;
		};
		736287992899CEA200CF3F6C /* Release */ = {
			isa = XCBuildConfiguration;
			buildSettings = {
				ASSETCATALOG_COMPILER_APPICON_NAME = AppIcon;
				ASSETCATALOG_COMPILER_GLOBAL_ACCENT_COLOR_NAME = AccentColor;
				CODE_SIGN_STYLE = Automatic;
				INFOPLIST_FILE = githubtest/Info.plist;
				LD_RUNPATH_SEARCH_PATHS = (
					"$(inherited)",
					"@executable_path/Frameworks",
				);
				PRODUCT_BUNDLE_IDENTIFIER = zaghloul.githubtest;
				PRODUCT_NAME = "$(TARGET_NAME)";
				SWIFT_VERSION = 5.0;
				TARGETED_DEVICE_FAMILY = "1,2";
			};
			name = Release;
		};
		7362879B2899CEA200CF3F6C /* Debug */ = {
			isa = XCBuildConfiguration;
			buildSettings = {
				ALWAYS_EMBED_SWIFT_STANDARD_LIBRARIES = YES;
				BUNDLE_LOADER = "$(TEST_HOST)";
				CODE_SIGN_STYLE = Automatic;
				INFOPLIST_FILE = githubtestTests/Info.plist;
				IPHONEOS_DEPLOYMENT_TARGET = 14.5;
				LD_RUNPATH_SEARCH_PATHS = (
					"$(inherited)",
					"@executable_path/Frameworks",
					"@loader_path/Frameworks",
				);
				PRODUCT_BUNDLE_IDENTIFIER = zaghloul.githubtestTests;
				PRODUCT_NAME = "$(TARGET_NAME)";
				SWIFT_VERSION = 5.0;
				TARGETED_DEVICE_FAMILY = "1,2";
				TEST_HOST = "$(BUILT_PRODUCTS_DIR)/githubtest.app/githubtest";
			};
			name = Debug;
		};
		7362879C2899CEA200CF3F6C /* Release */ = {
			isa = XCBuildConfiguration;
			buildSettings = {
				ALWAYS_EMBED_SWIFT_STANDARD_LIBRARIES = YES;
				BUNDLE_LOADER = "$(TEST_HOST)";
				CODE_SIGN_STYLE = Automatic;
				INFOPLIST_FILE = githubtestTests/Info.plist;
				IPHONEOS_DEPLOYMENT_TARGET = 14.5;
				LD_RUNPATH_SEARCH_PATHS = (
					"$(inherited)",
					"@executable_path/Frameworks",
					"@loader_path/Frameworks",
				);
				PRODUCT_BUNDLE_IDENTIFIER = zaghloul.githubtestTests;
				PRODUCT_NAME = "$(TARGET_NAME)";
				SWIFT_VERSION = 5.0;
				TARGETED_DEVICE_FAMILY = "1,2";
				TEST_HOST = "$(BUILT_PRODUCTS_DIR)/githubtest.app/githubtest";
			};
			name = Release;
		};
		7362879E2899CEA200CF3F6C /* Debug */ = {
			isa = XCBuildConfiguration;
			buildSettings = {
				ALWAYS_EMBED_SWIFT_STANDARD_LIBRARIES = YES;
				CODE_SIGN_STYLE = Automatic;
				INFOPLIST_FILE = githubtestUITests/Info.plist;
				LD_RUNPATH_SEARCH_PATHS = (
					"$(inherited)",
					"@executable_path/Frameworks",
					"@loader_path/Frameworks",
				);
				PRODUCT_BUNDLE_IDENTIFIER = zaghloul.githubtestUITests;
				PRODUCT_NAME = "$(TARGET_NAME)";
				SWIFT_VERSION = 5.0;
				TARGETED_DEVICE_FAMILY = "1,2";
				TEST_TARGET_NAME = githubtest;
			};
			name = Debug;
		};
		7362879F2899CEA200CF3F6C /* Release */ = {
			isa = XCBuildConfiguration;
			buildSettings = {
				ALWAYS_EMBED_SWIFT_STANDARD_LIBRARIES = YES;
				CODE_SIGN_STYLE = Automatic;
				INFOPLIST_FILE = githubtestUITests/Info.plist;
				LD_RUNPATH_SEARCH_PATHS = (
					"$(inherited)",
					"@executable_path/Frameworks",
					"@loader_path/Frameworks",
				);
				PRODUCT_BUNDLE_IDENTIFIER = zaghloul.githubtestUITests;
				PRODUCT_NAME = "$(TARGET_NAME)";
				SWIFT_VERSION = 5.0;
				TARGETED_DEVICE_FAMILY = "1,2";
				TEST_TARGET_NAME = githubtest;
			};
			name = Release;
		};
/* End XCBuildConfiguration section */

/* Begin XCConfigurationList section */
		736287682899CE9800CF3F6C /* Build configuration list for PBXProject "githubtest" */ = {
			isa = XCConfigurationList;
			buildConfigurations = (
				736287952899CEA200CF3F6C /* Debug */,
				736287962899CEA200CF3F6C /* Release */,
			);
			defaultConfigurationIsVisible = 0;
			defaultConfigurationName = Release;
		};
		736287972899CEA200CF3F6C /* Build configuration list for PBXNativeTarget "githubtest" */ = {
			isa = XCConfigurationList;
			buildConfigurations = (
				736287982899CEA200CF3F6C /* Debug */,
				736287992899CEA200CF3F6C /* Release */,
			);
			defaultConfigurationIsVisible = 0;
			defaultConfigurationName = Release;
		};
		7362879A2899CEA200CF3F6C /* Build configuration list for PBXNativeTarget "githubtestTests" */ = {
			isa = XCConfigurationList;
			buildConfigurations = (
				7362879B2899CEA200CF3F6C /* Debug */,
				7362879C2899CEA200CF3F6C /* Release */,
			);
			defaultConfigurationIsVisible = 0;
			defaultConfigurationName = Release;
		};
		7362879D2899CEA200CF3F6C /* Build configuration list for PBXNativeTarget "githubtestUITests" */ = {
			isa = XCConfigurationList;
			buildConfigurations = (
				7362879E2899CEA200CF3F6C /* Debug */,
				7362879F2899CEA200CF3F6C /* Release */,
			);
			defaultConfigurationIsVisible = 0;
			defaultConfigurationName = Release;
		};
/* End XCConfigurationList section */
	};
	rootObject = 736287652899CE9800CF3F6C /* Project object */;
}
